{
  "name": "spa-demo",
  "version": "1.0.0",
  "lockfileVersion": 2,
  "requires": true,
  "packages": {
    "": {
      "name": "spa-demo",
      "version": "1.0.0",
      "license": "ISC",
      "dependencies": {
        "@handsontable/react": "^3.0.0",
        "handsontable": "^7.0.2"
      }
    },
    "node_modules/@handsontable/formulajs": {
      "version": "2.0.2",
      "resolved": "https://registry.npmjs.org/@handsontable/formulajs/-/formulajs-2.0.2.tgz",
      "integrity": "sha512-maIyMJtYjA5e/R9nyA22Qd7Yw73MBSxClJvle0a8XWAS/5l6shc/OFpQqrmwMy4IXUCmywJ9ER0gOGz/YA720w==",
      "dependencies": {
        "bessel": "^1.0.2",
        "jstat": "^1.9.2"
      },
      "bin": {
        "implementation-stats": "bin/implementation-stats"
      }
    },
    "node_modules/@handsontable/react": {
      "version": "3.0.0",
      "resolved": "http://r.cnpmjs.org/@handsontable/react/download/@handsontable/react-3.0.0.tgz",
      "integrity": "sha1-cPsLNZtGcus9odcAALJpUMey4eE="
    },
    "node_modules/@types/pikaday": {
      "version": "1.6.0",
      "resolved": "http://r.cnpmjs.org/@types/pikaday/download/@types/pikaday-1.6.0.tgz",
      "integrity": "sha1-RsHWep73BihKwrcr8xvzgaVr88A=",
      "dependencies": {
        "moment": ">=2.14.0"
      }
    },
    "node_modules/bessel": {
      "version": "1.0.2",
      "resolved": "https://registry.npmjs.org/bessel/-/bessel-1.0.2.tgz",
      "integrity": "sha512-Al3nHGQGqDYqqinXhQzmwmcRToe/3WyBv4N8aZc5Pef8xw2neZlR9VPi84Sa23JtgWcucu18HxVZrnI0fn2etw==",
      "engines": {
        "node": ">=0.8"
      }
    },
    "node_modules/bignumber.js": {
      "version": "4.1.0",
      "resolved": "http://r.cnpmjs.org/bignumber.js/download/bignumber.js-4.1.0.tgz",
      "integrity": "sha1-228UBnwUC9RmJIFaeRbJLZtsJLE=",
      "engines": {
        "node": "*"
      }
    },
    "node_modules/core-js": {
      "version": "3.0.1",
      "resolved": "http://r.cnpmjs.org/core-js/download/core-js-3.0.1.tgz",
      "integrity": "sha1-E0MYJjQpj384Yi+V5z9U5I3fRzg="
    },
    "node_modules/handsontable": {
      "version": "7.0.2",
      "resolved": "http://r.cnpmjs.org/handsontable/download/handsontable-7.0.2.tgz",
      "integrity": "sha1-89N6722tVt6M9uoMrSJzCxALbSw=",
      "dependencies": {
        "@types/pikaday": "1.6.0",
        "core-js": "^3.0.0",
        "hot-formula-parser": "^3.0.0",
        "moment": "2.20.1",
        "numbro": "2.1.1",
        "pikaday": "1.5.1"
      }
    },
    "node_modules/hot-formula-parser": {
      "version": "3.0.2",
      "resolved": "https://registry.npmjs.org/hot-formula-parser/-/hot-formula-parser-3.0.2.tgz",
      "integrity": "sha512-W/Dj/UbIyuViMIQOQD6tUEVySl7jd6ei+gfWslTiRqa4yRhkyHnIz8N4oLnqgDRhhVAQIcFF5NfNz49k4X8IxQ==",
      "dependencies": {
        "@handsontable/formulajs": "^2.0.2",
        "tiny-emitter": "^2.1.0"
      }
    },
    "node_modules/jstat": {
      "version": "1.9.5",
      "resolved": "https://registry.npmjs.org/jstat/-/jstat-1.9.5.tgz",
      "integrity": "sha512-cWnp4vObF5GmB2XsIEzxI/1ZTcYlcfNqxQ/9Fp5KFUa0Jf/4tO0ZkGVnqoEHDisJvYgvn5n3eWZbd2xTVJJPUQ=="
    },
    "node_modules/moment": {
      "version": "2.20.1",
      "resolved": "http://r.cnpmjs.org/moment/download/moment-2.20.1.tgz",
      "integrity": "sha1-1usaRsvMFKKy+UNBEsH/iQfzE/0=",
      "engines": {
        "node": "*"
      }
    },
    "node_modules/numbro": {
      "version": "2.1.1",
      "resolved": "http://r.cnpmjs.org/numbro/download/numbro-2.1.1.tgz",
      "integrity": "sha1-uXf8anaRY/kOLi12I/+dtNZrxmE=",
      "dependencies": {
        "bignumber.js": "^4.0.4"
      },
      "engines": {
        "node": "*"
      }
    },
    "node_modules/pikaday": {
      "version": "1.5.1",
      "resolved": "http://r.cnpmjs.org/pikaday/download/pikaday-1.5.1.tgz",
      "integrity": "sha1-CkhUm8GhTqHQjEQHTXYbwvK/z9M=",
      "dependencies": {
        "moment": "2.x"
      }
    },
    "node_modules/tiny-emitter": {
      "version": "2.1.0",
      "resolved": "http://r.cnpmjs.org/tiny-emitter/download/tiny-emitter-2.1.0.tgz",
      "integrity": "sha1-HRpW7fxRxD6GPLtTgqcjMONVVCM="
    }
  },
  "dependencies": {
    "@handsontable/formulajs": {
      "version": "2.0.2",
      "resolved": "https://registry.npmjs.org/@handsontable/formulajs/-/formulajs-2.0.2.tgz",
      "integrity": "sha512-maIyMJtYjA5e/R9nyA22Qd7Yw73MBSxClJvle0a8XWAS/5l6shc/OFpQqrmwMy4IXUCmywJ9ER0gOGz/YA720w==",
      "requires": {
        "bessel": "^1.0.2",
        "jstat": "^1.9.2"
      }
    },
    "@handsontable/react": {
      "version": "3.0.0",
      "resolved": "http://r.cnpmjs.org/@handsontable/react/download/@handsontable/react-3.0.0.tgz",
      "integrity": "sha1-cPsLNZtGcus9odcAALJpUMey4eE="
    },
    "@types/pikaday": {
      "version": "1.6.0",
      "resolved": "http://r.cnpmjs.org/@types/pikaday/download/@types/pikaday-1.6.0.tgz",
      "integrity": "sha1-RsHWep73BihKwrcr8xvzgaVr88A=",
      "requires": {
        "moment": ">=2.14.0"
      }
    },
    "bessel": {
      "version": "1.0.2",
      "resolved": "https://registry.npmjs.org/bessel/-/bessel-1.0.2.tgz",
      "integrity": "sha512-Al3nHGQGqDYqqinXhQzmwmcRToe/3WyBv4N8aZc5Pef8xw2neZlR9VPi84Sa23JtgWcucu18HxVZrnI0fn2etw=="
    },
    "bignumber.js": {
      "version": "4.1.0",
      "resolved": "http://r.cnpmjs.org/bignumber.js/download/bignumber.js-4.1.0.tgz",
      "integrity": "sha1-228UBnwUC9RmJIFaeRbJLZtsJLE="
    },
    "core-js": {
      "version": "3.0.1",
      "resolved": "http://r.cnpmjs.org/core-js/download/core-js-3.0.1.tgz",
      "integrity": "sha1-E0MYJjQpj384Yi+V5z9U5I3fRzg="
    },
    "handsontable": {
      "version": "7.0.2",
      "resolved": "http://r.cnpmjs.org/handsontable/download/handsontable-7.0.2.tgz",
      "integrity": "sha1-89N6722tVt6M9uoMrSJzCxALbSw=",
      "requires": {
        "@types/pikaday": "1.6.0",
        "core-js": "^3.0.0",
        "hot-formula-parser": "^3.0.0",
        "moment": "2.20.1",
        "numbro": "2.1.1",
        "pikaday": "1.5.1"
      }
    },
    "hot-formula-parser": {
      "version": "3.0.2",
      "resolved": "https://registry.npmjs.org/hot-formula-parser/-/hot-formula-parser-3.0.2.tgz",
      "integrity": "sha512-W/Dj/UbIyuViMIQOQD6tUEVySl7jd6ei+gfWslTiRqa4yRhkyHnIz8N4oLnqgDRhhVAQIcFF5NfNz49k4X8IxQ==",
      "requires": {
        "@handsontable/formulajs": "^2.0.2",
        "tiny-emitter": "^2.1.0"
      }
    },
    "jstat": {
      "version": "1.9.5",
      "resolved": "https://registry.npmjs.org/jstat/-/jstat-1.9.5.tgz",
      "integrity": "sha512-cWnp4vObF5GmB2XsIEzxI/1ZTcYlcfNqxQ/9Fp5KFUa0Jf/4tO0ZkGVnqoEHDisJvYgvn5n3eWZbd2xTVJJPUQ=="
    },
    "moment": {
      "version": "2.20.1",
      "resolved": "http://r.cnpmjs.org/moment/download/moment-2.20.1.tgz",
      "integrity": "sha1-1usaRsvMFKKy+UNBEsH/iQfzE/0="
    },
    "numbro": {
      "version": "2.1.1",
      "resolved": "http://r.cnpmjs.org/numbro/download/numbro-2.1.1.tgz",
      "integrity": "sha1-uXf8anaRY/kOLi12I/+dtNZrxmE=",
      "requires": {
        "bignumber.js": "^4.0.4"
      }
    },
    "pikaday": {
      "version": "1.5.1",
      "resolved": "http://r.cnpmjs.org/pikaday/download/pikaday-1.5.1.tgz",
      "integrity": "sha1-CkhUm8GhTqHQjEQHTXYbwvK/z9M=",
      "requires": {
        "moment": "2.x"
      }
    },
    "tiny-emitter": {
      "version": "2.1.0",
      "resolved": "http://r.cnpmjs.org/tiny-emitter/download/tiny-emitter-2.1.0.tgz",
      "integrity": "sha1-HRpW7fxRxD6GPLtTgqcjMONVVCM="
    }
  }
}
